
Microsoft Visual Studio Solution File, Format Version 12.00
# Visual Studio 15
Project("{FAE04EC0-301F-11D3-BF4B-00C04F79EFBC}") = "MyScriptureJournal", "MyScriptureJournal\MyScriptureJournal.csproj", "{BBF3EAB9-B0E8-48B9-893A-7DAE44F07C85}"
EndProject
Global
	GlobalSection(SolutionConfigurationPlatforms) = preSolution
		Debug|Any CPU = Debug|Any CPU
		Release|Any CPU = Release|Any CPU
	EndGlobalSection
	GlobalSection(ProjectConfigurationPlatforms) = postSolution
		{BBF3EAB9-B0E8-48B9-893A-7DAE44F07C85}.Debug|Any CPU.ActiveCfg = Debug|Any CPU
		{BBF3EAB9-B0E8-48B9-893A-7DAE44F07C85}.Debug|Any CPU.Build.0 = Debug|Any CPU
		{BBF3EAB9-B0E8-48B9-893A-7DAE44F07C85}.Release|Any CPU.ActiveCfg = Release|Any CPU
		{BBF3EAB9-B0E8-48B9-893A-7DAE44F07C85}.Release|Any CPU.Build.0 = Release|Any CPU
	EndGlobalSection
EndGlobal
